
Microsoft Visual Studio Solution File, Format Version 12.00
# Visual Studio Version 17
VisualStudioVersion = 17.10.35027.167
MinimumVisualStudioVersion = 10.0.40219.1
Project("{FAE04EC0-301F-11D3-BF4B-00C04F79EFBC}") = "SUMAAmbulanciasAPI", "SUMAAmbulanciasAPI\SUMAAmbulanciasAPI.csproj", "{C3116927-82A2-474C-9C58-CE0E90535B3C}"
EndProject
Global
	GlobalSection(SolutionConfigurationPlatforms) = preSolution
		Debug|Any CPU = Debug|Any CPU
		Release|Any CPU = Release|Any CPU
	EndGlobalSection
	GlobalSection(ProjectConfigurationPlatforms) = postSolution
		{C3116927-82A2-474C-9C58-CE0E90535B3C}.Debug|Any CPU.ActiveCfg = Debug|Any CPU
		{C3116927-82A2-474C-9C58-CE0E90535B3C}.Debug|Any CPU.Build.0 = Debug|Any CPU
		{C3116927-82A2-474C-9C58-CE0E90535B3C}.Release|Any CPU.ActiveCfg = Release|Any CPU
		{C3116927-82A2-474C-9C58-CE0E90535B3C}.Release|Any CPU.Build.0 = Release|Any CPU
	EndGlobalSection
	GlobalSection(SolutionProperties) = preSolution
		HideSolutionNode = FALSE
	EndGlobalSection
	GlobalSection(ExtensibilityGlobals) = postSolution
		SolutionGuid = {7604552F-6185-4CE0-A6A0-661940EBE8B3}
	EndGlobalSection
EndGlobal
